
Microsoft Visual Studio Solution File, Format Version 12.00
# Visual Studio Version 17
VisualStudioVersion = 17.1.32228.430
MinimumVisualStudioVersion = 10.0.40219.1
Project("{9A19103F-16F7-4668-BE54-9A1E7A4F7556}") = "ACS.Nutrition.ConsoleApp", "ACS.Nutrition.ConsoleApp\ACS.Nutrition.ConsoleApp.csproj", "{B8C910C4-2E08-4A10-B1EF-A8B5C030635F}"
EndProject
Project("{9A19103F-16F7-4668-BE54-9A1E7A4F7556}") = "ACS.Nutrition.Application.Impl", "ACS.Nutrition.Application.Impl\ACS.Nutrition.Application.Impl.csproj", "{D2D5194D-3AB8-4CE7-A7BA-BADF729F32AB}"
EndProject
Project("{9A19103F-16F7-4668-BE54-9A1E7A4F7556}") = "ACS.Nutrition.Application.Contracts", "ACS.Nutrition.Application.Contracts\ACS.Nutrition.Application.Contracts.csproj", "{28C91045-0332-4EDA-9E25-19E740607052}"
EndProject
Project("{2150E333-8FDC-42A3-9474-1A3956D46DE8}") = "1 - Layers", "1 - Layers", "{C17A93D7-F433-4004-8CF3-19EB7C4EC821}"
EndProject
Project("{2150E333-8FDC-42A3-9474-1A3956D46DE8}") = "1.2 - Distributed Services", "1.2 - Distributed Services", "{7AD8CD83-16F9-481D-A9FA-AEFBE5B5D4FE}"
EndProject
Project("{2150E333-8FDC-42A3-9474-1A3956D46DE8}") = "1.3 - Application", "1.3 - Application", "{7DABDC90-0B06-44AA-AB69-F02C13B9D20D}"
EndProject
Global
	GlobalSection(SolutionConfigurationPlatforms) = preSolution
		Debug|Any CPU = Debug|Any CPU
		Release|Any CPU = Release|Any CPU
	EndGlobalSection
	GlobalSection(ProjectConfigurationPlatforms) = postSolution
		{B8C910C4-2E08-4A10-B1EF-A8B5C030635F}.Debug|Any CPU.ActiveCfg = Debug|Any CPU
		{B8C910C4-2E08-4A10-B1EF-A8B5C030635F}.Debug|Any CPU.Build.0 = Debug|Any CPU
		{B8C910C4-2E08-4A10-B1EF-A8B5C030635F}.Release|Any CPU.ActiveCfg = Release|Any CPU
		{B8C910C4-2E08-4A10-B1EF-A8B5C030635F}.Release|Any CPU.Build.0 = Release|Any CPU
		{D2D5194D-3AB8-4CE7-A7BA-BADF729F32AB}.Debug|Any CPU.ActiveCfg = Debug|Any CPU
		{D2D5194D-3AB8-4CE7-A7BA-BADF729F32AB}.Debug|Any CPU.Build.0 = Debug|Any CPU
		{D2D5194D-3AB8-4CE7-A7BA-BADF729F32AB}.Release|Any CPU.ActiveCfg = Release|Any CPU
		{D2D5194D-3AB8-4CE7-A7BA-BADF729F32AB}.Release|Any CPU.Build.0 = Release|Any CPU
		{28C91045-0332-4EDA-9E25-19E740607052}.Debug|Any CPU.ActiveCfg = Debug|Any CPU
		{28C91045-0332-4EDA-9E25-19E740607052}.Debug|Any CPU.Build.0 = Debug|Any CPU
		{28C91045-0332-4EDA-9E25-19E740607052}.Release|Any CPU.ActiveCfg = Release|Any CPU
		{28C91045-0332-4EDA-9E25-19E740607052}.Release|Any CPU.Build.0 = Release|Any CPU
	EndGlobalSection
	GlobalSection(SolutionProperties) = preSolution
		HideSolutionNode = FALSE
	EndGlobalSection
	GlobalSection(NestedProjects) = preSolution
		{B8C910C4-2E08-4A10-B1EF-A8B5C030635F} = {7AD8CD83-16F9-481D-A9FA-AEFBE5B5D4FE}
		{D2D5194D-3AB8-4CE7-A7BA-BADF729F32AB} = {7DABDC90-0B06-44AA-AB69-F02C13B9D20D}
		{28C91045-0332-4EDA-9E25-19E740607052} = {7DABDC90-0B06-44AA-AB69-F02C13B9D20D}
		{7AD8CD83-16F9-481D-A9FA-AEFBE5B5D4FE} = {C17A93D7-F433-4004-8CF3-19EB7C4EC821}
		{7DABDC90-0B06-44AA-AB69-F02C13B9D20D} = {C17A93D7-F433-4004-8CF3-19EB7C4EC821}
	EndGlobalSection
	GlobalSection(ExtensibilityGlobals) = postSolution
		SolutionGuid = {23E2F209-299F-439C-A1D6-C42ED833A96E}
	EndGlobalSection
EndGlobal
